
Microsoft Visual Studio Solution File, Format Version 12.00
# Visual Studio 15
VisualStudioVersion = 15.0.26430.14
MinimumVisualStudioVersion = 10.0.40219.1
Project("{2150E333-8FDC-42A3-9474-1A3956D46DE8}") = "Configurations", "Configurations", "{217A3A96-0AC1-4D03-9148-37E67638AA0F}"
	ProjectSection(SolutionItems) = preProject
		.gitignore = .gitignore
		src\packages.config = src\packages.config
	EndProjectSection
EndProject
Project("{2150E333-8FDC-42A3-9474-1A3956D46DE8}") = "nuget", "nuget", "{94F4B085-116B-4086-AF88-3A8A24634494}"
	ProjectSection(SolutionItems) = preProject
		nuget\MBran.CountryPicker.0.2.2.nuspec = nuget\MBran.CountryPicker.0.2.2.nuspec
	EndProjectSection
EndProject
Project("{FAE04EC0-301F-11D3-BF4B-00C04F79EFBC}") = "MBran.CountryPicker", "src\MBran.CountryPicker.csproj", "{8D71858C-B558-48C8-AD4D-D0DB59FB8FB8}"
EndProject
Global
	GlobalSection(SolutionConfigurationPlatforms) = preSolution
		Debug|Any CPU = Debug|Any CPU
		Release|Any CPU = Release|Any CPU
	EndGlobalSection
	GlobalSection(ProjectConfigurationPlatforms) = postSolution
		{8D71858C-B558-48C8-AD4D-D0DB59FB8FB8}.Debug|Any CPU.ActiveCfg = Debug|Any CPU
		{8D71858C-B558-48C8-AD4D-D0DB59FB8FB8}.Debug|Any CPU.Build.0 = Debug|Any CPU
		{8D71858C-B558-48C8-AD4D-D0DB59FB8FB8}.Release|Any CPU.ActiveCfg = Release|Any CPU
		{8D71858C-B558-48C8-AD4D-D0DB59FB8FB8}.Release|Any CPU.Build.0 = Release|Any CPU
	EndGlobalSection
	GlobalSection(SolutionProperties) = preSolution
		HideSolutionNode = FALSE
	EndGlobalSection
	GlobalSection(NestedProjects) = preSolution
		{94F4B085-116B-4086-AF88-3A8A24634494} = {217A3A96-0AC1-4D03-9148-37E67638AA0F}
	EndGlobalSection
EndGlobal
